
Microsoft Visual Studio Solution File, Format Version 12.00
# Visual Studio Version 16
VisualStudioVersion = 16.0.30413.136
MinimumVisualStudioVersion = 10.0.40219.1
Project("{FAE04EC0-301F-11D3-BF4B-00C04F79EFBC}") = "Week3LogicalOperators", "Week3LogicalOperators\Week3LogicalOperators.csproj", "{F7F7AC5F-D337-4B36-A112-9D78076F84C2}"
EndProject
Project("{FAE04EC0-301F-11D3-BF4B-00C04F79EFBC}") = "LoginFormRefactored", "LoginFormRefactored\LoginFormRefactored.csproj", "{469828B8-5D0B-4CA9-83CB-55BA6FD5CAA9}"
EndProject
Global
	GlobalSection(SolutionConfigurationPlatforms) = preSolution
		Debug|Any CPU = Debug|Any CPU
		Release|Any CPU = Release|Any CPU
	EndGlobalSection
	GlobalSection(ProjectConfigurationPlatforms) = postSolution
		{F7F7AC5F-D337-4B36-A112-9D78076F84C2}.Debug|Any CPU.ActiveCfg = Debug|Any CPU
		{F7F7AC5F-D337-4B36-A112-9D78076F84C2}.Debug|Any CPU.Build.0 = Debug|Any CPU
		{F7F7AC5F-D337-4B36-A112-9D78076F84C2}.Release|Any CPU.ActiveCfg = Release|Any CPU
		{F7F7AC5F-D337-4B36-A112-9D78076F84C2}.Release|Any CPU.Build.0 = Release|Any CPU
		{469828B8-5D0B-4CA9-83CB-55BA6FD5CAA9}.Debug|Any CPU.ActiveCfg = Debug|Any CPU
		{469828B8-5D0B-4CA9-83CB-55BA6FD5CAA9}.Debug|Any CPU.Build.0 = Debug|Any CPU
		{469828B8-5D0B-4CA9-83CB-55BA6FD5CAA9}.Release|Any CPU.ActiveCfg = Release|Any CPU
		{469828B8-5D0B-4CA9-83CB-55BA6FD5CAA9}.Release|Any CPU.Build.0 = Release|Any CPU
	EndGlobalSection
	GlobalSection(SolutionProperties) = preSolution
		HideSolutionNode = FALSE
	EndGlobalSection
	GlobalSection(ExtensibilityGlobals) = postSolution
		SolutionGuid = {DC0E92BA-464F-4EC5-8FB9-3420C306B683}
	EndGlobalSection
EndGlobal
